
Microsoft Visual Studio Solution File, Format Version 12.00
# Visual Studio 15
VisualStudioVersion = 15.0.27428.2005
MinimumVisualStudioVersion = 10.0.40219.1
Project("{FAE04EC0-301F-11D3-BF4B-00C04F79EFBC}") = "eshop.api.inventory", "eshop.api.inventory\eshop.api.inventory.csproj", "{D26ED310-B6FF-462C-A565-425AD06C5309}"
EndProject
Project("{FAE04EC0-301F-11D3-BF4B-00C04F79EFBC}") = "eshop.api.inventory.dal", "eshop.api.inventory.dal\eshop.api.inventory.dal.csproj", "{2DE4E601-F17F-40E9-9B63-BDDEA92076C1}"
EndProject
Global
	GlobalSection(SolutionConfigurationPlatforms) = preSolution
		Debug|Any CPU = Debug|Any CPU
		Release|Any CPU = Release|Any CPU
	EndGlobalSection
	GlobalSection(ProjectConfigurationPlatforms) = postSolution
		{D26ED310-B6FF-462C-A565-425AD06C5309}.Debug|Any CPU.ActiveCfg = Debug|Any CPU
		{D26ED310-B6FF-462C-A565-425AD06C5309}.Debug|Any CPU.Build.0 = Debug|Any CPU
		{D26ED310-B6FF-462C-A565-425AD06C5309}.Release|Any CPU.ActiveCfg = Release|Any CPU
		{D26ED310-B6FF-462C-A565-425AD06C5309}.Release|Any CPU.Build.0 = Release|Any CPU
		{2DE4E601-F17F-40E9-9B63-BDDEA92076C1}.Debug|Any CPU.ActiveCfg = Debug|Any CPU
		{2DE4E601-F17F-40E9-9B63-BDDEA92076C1}.Debug|Any CPU.Build.0 = Debug|Any CPU
		{2DE4E601-F17F-40E9-9B63-BDDEA92076C1}.Release|Any CPU.ActiveCfg = Release|Any CPU
		{2DE4E601-F17F-40E9-9B63-BDDEA92076C1}.Release|Any CPU.Build.0 = Release|Any CPU
	EndGlobalSection
	GlobalSection(SolutionProperties) = preSolution
		HideSolutionNode = FALSE
	EndGlobalSection
	GlobalSection(ExtensibilityGlobals) = postSolution
		SolutionGuid = {770B499D-7177-4216-B0E2-FDFBF391E06B}
	EndGlobalSection
EndGlobal
